
Microsoft Visual Studio Solution File, Format Version 12.00
# Visual Studio 2013
VisualStudioVersion = 12.0.21005.1
MinimumVisualStudioVersion = 10.0.40219.1
Project("{FAE04EC0-301F-11D3-BF4B-00C04F79EFBC}") = "Hrm.Server.Services", "Hrm.Server.Services\Hrm.Server.Services.csproj", "{794730F9-DA04-41FC-8080-279223EBA37B}"
EndProject
Project("{FAE04EC0-301F-11D3-BF4B-00C04F79EFBC}") = "Hrm.Server.Business", "Hrm.Server.Business\Hrm.Server.Business.csproj", "{56406040-A3D8-4118-9C3D-52CFA2595FDF}"
EndProject
Project("{2150E333-8FDC-42A3-9474-1A3956D46DE8}") = "Server", "Server", "{2F73407E-41F1-43CC-9E59-E6CA05DA0E64}"
EndProject
Project("{2150E333-8FDC-42A3-9474-1A3956D46DE8}") = "Common", "Common", "{34285869-E35E-4537-A18A-56D4EAD20CCC}"
EndProject
Project("{FAE04EC0-301F-11D3-BF4B-00C04F79EFBC}") = "Hrm.Common.ExceptionHandling", "Hrm.Common.ExceptionHandling\Hrm.Common.ExceptionHandling.csproj", "{5129FED2-14A9-41CA-A555-96F0EE023D57}"
EndProject
Project("{FAE04EC0-301F-11D3-BF4B-00C04F79EFBC}") = "Hrm.Common.Resources", "Hrm.Common.Resources\Hrm.Common.Resources.csproj", "{7FA93B25-D07D-48AC-9D3B-931924339F33}"
EndProject
Project("{FAE04EC0-301F-11D3-BF4B-00C04F79EFBC}") = "Hrm.Common.Logging", "Hrm.Common.Logging\Hrm.Common.Logging.csproj", "{A59BFD6E-EED0-444E-A8A7-C4E319598E02}"
EndProject
Project("{FAE04EC0-301F-11D3-BF4B-00C04F79EFBC}") = "Hrm.Main.WebApplication", "Hrm.Main.WebApplication\Hrm.Main.WebApplication.csproj", "{479CCCBC-9C07-45D7-A221-5934DC9E98C0}"
	ProjectSection(ProjectDependencies) = postProject
		{794730F9-DA04-41FC-8080-279223EBA37B} = {794730F9-DA04-41FC-8080-279223EBA37B}
	EndProjectSection
EndProject
Project("{FAE04EC0-301F-11D3-BF4B-00C04F79EFBC}") = "Hrm.Server.Business.UnitTest", "Hrm.Server.Business.UnitTest\Hrm.Server.Business.UnitTest.csproj", "{F4796479-0126-4984-8A47-5BDC1EF9CF74}"
EndProject
Project("{FAE04EC0-301F-11D3-BF4B-00C04F79EFBC}") = "Hrm.Server.Data", "Hrm.Server.Data\Hrm.Server.Data.csproj", "{07E60606-0D16-4138-94BD-931A93C59887}"
EndProject
Project("{FAE04EC0-301F-11D3-BF4B-00C04F79EFBC}") = "Hrm.Main.WebApplication.UnitTest", "Hrm.Main.WebApplication.UnitTest\Hrm.Main.WebApplication.UnitTest.csproj", "{01D2B883-A21B-48DC-BCE0-3982C6E5C0C6}"
EndProject
Project("{FAE04EC0-301F-11D3-BF4B-00C04F79EFBC}") = "Hrm.Common.Utility", "Hrm.Common.Utility\Hrm.Common.Utility.csproj", "{AD16D1CA-4091-48BB-91A4-AFF6A2FFC2EF}"
EndProject
Project("{FAE04EC0-301F-11D3-BF4B-00C04F79EFBC}") = "Hrm.Common.Dto", "Hrm.Common.Dto\Hrm.Common.Dto.csproj", "{12A16DDA-0F4E-4E3F-A4BA-91D09AC7D04B}"
EndProject
Global
	GlobalSection(SolutionConfigurationPlatforms) = preSolution
		Debug|Any CPU = Debug|Any CPU
		DEVPRE|Any CPU = DEVPRE|Any CPU
		Release|Any CPU = Release|Any CPU
	EndGlobalSection
	GlobalSection(ProjectConfigurationPlatforms) = postSolution
		{794730F9-DA04-41FC-8080-279223EBA37B}.Debug|Any CPU.ActiveCfg = Debug|Any CPU
		{794730F9-DA04-41FC-8080-279223EBA37B}.Debug|Any CPU.Build.0 = Debug|Any CPU
		{794730F9-DA04-41FC-8080-279223EBA37B}.DEVPRE|Any CPU.ActiveCfg = Debug|Any CPU
		{794730F9-DA04-41FC-8080-279223EBA37B}.DEVPRE|Any CPU.Build.0 = Debug|Any CPU
		{794730F9-DA04-41FC-8080-279223EBA37B}.Release|Any CPU.ActiveCfg = Release|Any CPU
		{794730F9-DA04-41FC-8080-279223EBA37B}.Release|Any CPU.Build.0 = Release|Any CPU
		{56406040-A3D8-4118-9C3D-52CFA2595FDF}.Debug|Any CPU.ActiveCfg = Debug|Any CPU
		{56406040-A3D8-4118-9C3D-52CFA2595FDF}.Debug|Any CPU.Build.0 = Debug|Any CPU
		{56406040-A3D8-4118-9C3D-52CFA2595FDF}.DEVPRE|Any CPU.ActiveCfg = Debug|Any CPU
		{56406040-A3D8-4118-9C3D-52CFA2595FDF}.DEVPRE|Any CPU.Build.0 = Debug|Any CPU
		{56406040-A3D8-4118-9C3D-52CFA2595FDF}.Release|Any CPU.ActiveCfg = Release|Any CPU
		{56406040-A3D8-4118-9C3D-52CFA2595FDF}.Release|Any CPU.Build.0 = Release|Any CPU
		{5129FED2-14A9-41CA-A555-96F0EE023D57}.Debug|Any CPU.ActiveCfg = Debug|Any CPU
		{5129FED2-14A9-41CA-A555-96F0EE023D57}.Debug|Any CPU.Build.0 = Debug|Any CPU
		{5129FED2-14A9-41CA-A555-96F0EE023D57}.DEVPRE|Any CPU.ActiveCfg = Debug|Any CPU
		{5129FED2-14A9-41CA-A555-96F0EE023D57}.DEVPRE|Any CPU.Build.0 = Debug|Any CPU
		{5129FED2-14A9-41CA-A555-96F0EE023D57}.Release|Any CPU.ActiveCfg = Release|Any CPU
		{5129FED2-14A9-41CA-A555-96F0EE023D57}.Release|Any CPU.Build.0 = Release|Any CPU
		{7FA93B25-D07D-48AC-9D3B-931924339F33}.Debug|Any CPU.ActiveCfg = Debug|Any CPU
		{7FA93B25-D07D-48AC-9D3B-931924339F33}.Debug|Any CPU.Build.0 = Debug|Any CPU
		{7FA93B25-D07D-48AC-9D3B-931924339F33}.DEVPRE|Any CPU.ActiveCfg = Debug|Any CPU
		{7FA93B25-D07D-48AC-9D3B-931924339F33}.DEVPRE|Any CPU.Build.0 = Debug|Any CPU
		{7FA93B25-D07D-48AC-9D3B-931924339F33}.Release|Any CPU.ActiveCfg = Release|Any CPU
		{7FA93B25-D07D-48AC-9D3B-931924339F33}.Release|Any CPU.Build.0 = Release|Any CPU
		{A59BFD6E-EED0-444E-A8A7-C4E319598E02}.Debug|Any CPU.ActiveCfg = Debug|Any CPU
		{A59BFD6E-EED0-444E-A8A7-C4E319598E02}.Debug|Any CPU.Build.0 = Debug|Any CPU
		{A59BFD6E-EED0-444E-A8A7-C4E319598E02}.DEVPRE|Any CPU.ActiveCfg = DEVPRE|Any CPU
		{A59BFD6E-EED0-444E-A8A7-C4E319598E02}.DEVPRE|Any CPU.Build.0 = DEVPRE|Any CPU
		{A59BFD6E-EED0-444E-A8A7-C4E319598E02}.Release|Any CPU.ActiveCfg = Release|Any CPU
		{A59BFD6E-EED0-444E-A8A7-C4E319598E02}.Release|Any CPU.Build.0 = Release|Any CPU
		{479CCCBC-9C07-45D7-A221-5934DC9E98C0}.Debug|Any CPU.ActiveCfg = Debug|Any CPU
		{479CCCBC-9C07-45D7-A221-5934DC9E98C0}.Debug|Any CPU.Build.0 = Debug|Any CPU
		{479CCCBC-9C07-45D7-A221-5934DC9E98C0}.DEVPRE|Any CPU.ActiveCfg = Debug|Any CPU
		{479CCCBC-9C07-45D7-A221-5934DC9E98C0}.DEVPRE|Any CPU.Build.0 = Debug|Any CPU
		{479CCCBC-9C07-45D7-A221-5934DC9E98C0}.Release|Any CPU.ActiveCfg = Release|Any CPU
		{479CCCBC-9C07-45D7-A221-5934DC9E98C0}.Release|Any CPU.Build.0 = Release|Any CPU
		{F4796479-0126-4984-8A47-5BDC1EF9CF74}.Debug|Any CPU.ActiveCfg = Debug|Any CPU
		{F4796479-0126-4984-8A47-5BDC1EF9CF74}.Debug|Any CPU.Build.0 = Debug|Any CPU
		{F4796479-0126-4984-8A47-5BDC1EF9CF74}.DEVPRE|Any CPU.ActiveCfg = Debug|Any CPU
		{F4796479-0126-4984-8A47-5BDC1EF9CF74}.DEVPRE|Any CPU.Build.0 = Debug|Any CPU
		{F4796479-0126-4984-8A47-5BDC1EF9CF74}.Release|Any CPU.ActiveCfg = Release|Any CPU
		{F4796479-0126-4984-8A47-5BDC1EF9CF74}.Release|Any CPU.Build.0 = Release|Any CPU
		{07E60606-0D16-4138-94BD-931A93C59887}.Debug|Any CPU.ActiveCfg = Debug|Any CPU
		{07E60606-0D16-4138-94BD-931A93C59887}.Debug|Any CPU.Build.0 = Debug|Any CPU
		{07E60606-0D16-4138-94BD-931A93C59887}.DEVPRE|Any CPU.ActiveCfg = Debug|Any CPU
		{07E60606-0D16-4138-94BD-931A93C59887}.DEVPRE|Any CPU.Build.0 = Debug|Any CPU
		{07E60606-0D16-4138-94BD-931A93C59887}.Release|Any CPU.ActiveCfg = Release|Any CPU
		{07E60606-0D16-4138-94BD-931A93C59887}.Release|Any CPU.Build.0 = Release|Any CPU
		{01D2B883-A21B-48DC-BCE0-3982C6E5C0C6}.Debug|Any CPU.ActiveCfg = Debug|Any CPU
		{01D2B883-A21B-48DC-BCE0-3982C6E5C0C6}.Debug|Any CPU.Build.0 = Debug|Any CPU
		{01D2B883-A21B-48DC-BCE0-3982C6E5C0C6}.DEVPRE|Any CPU.ActiveCfg = Debug|Any CPU
		{01D2B883-A21B-48DC-BCE0-3982C6E5C0C6}.DEVPRE|Any CPU.Build.0 = Debug|Any CPU
		{01D2B883-A21B-48DC-BCE0-3982C6E5C0C6}.Release|Any CPU.ActiveCfg = Release|Any CPU
		{01D2B883-A21B-48DC-BCE0-3982C6E5C0C6}.Release|Any CPU.Build.0 = Release|Any CPU
		{AD16D1CA-4091-48BB-91A4-AFF6A2FFC2EF}.Debug|Any CPU.ActiveCfg = Debug|Any CPU
		{AD16D1CA-4091-48BB-91A4-AFF6A2FFC2EF}.Debug|Any CPU.Build.0 = Debug|Any CPU
		{AD16D1CA-4091-48BB-91A4-AFF6A2FFC2EF}.DEVPRE|Any CPU.ActiveCfg = Debug|Any CPU
		{AD16D1CA-4091-48BB-91A4-AFF6A2FFC2EF}.DEVPRE|Any CPU.Build.0 = Debug|Any CPU
		{AD16D1CA-4091-48BB-91A4-AFF6A2FFC2EF}.Release|Any CPU.ActiveCfg = Release|Any CPU
		{AD16D1CA-4091-48BB-91A4-AFF6A2FFC2EF}.Release|Any CPU.Build.0 = Release|Any CPU
		{12A16DDA-0F4E-4E3F-A4BA-91D09AC7D04B}.Debug|Any CPU.ActiveCfg = Debug|Any CPU
		{12A16DDA-0F4E-4E3F-A4BA-91D09AC7D04B}.Debug|Any CPU.Build.0 = Debug|Any CPU
		{12A16DDA-0F4E-4E3F-A4BA-91D09AC7D04B}.DEVPRE|Any CPU.ActiveCfg = Debug|Any CPU
		{12A16DDA-0F4E-4E3F-A4BA-91D09AC7D04B}.DEVPRE|Any CPU.Build.0 = Debug|Any CPU
		{12A16DDA-0F4E-4E3F-A4BA-91D09AC7D04B}.Release|Any CPU.ActiveCfg = Release|Any CPU
		{12A16DDA-0F4E-4E3F-A4BA-91D09AC7D04B}.Release|Any CPU.Build.0 = Release|Any CPU
	EndGlobalSection
	GlobalSection(SolutionProperties) = preSolution
		HideSolutionNode = FALSE
	EndGlobalSection
	GlobalSection(NestedProjects) = preSolution
		{56406040-A3D8-4118-9C3D-52CFA2595FDF} = {2F73407E-41F1-43CC-9E59-E6CA05DA0E64}
		{794730F9-DA04-41FC-8080-279223EBA37B} = {2F73407E-41F1-43CC-9E59-E6CA05DA0E64}
		{F4796479-0126-4984-8A47-5BDC1EF9CF74} = {2F73407E-41F1-43CC-9E59-E6CA05DA0E64}
		{07E60606-0D16-4138-94BD-931A93C59887} = {2F73407E-41F1-43CC-9E59-E6CA05DA0E64}
		{5129FED2-14A9-41CA-A555-96F0EE023D57} = {34285869-E35E-4537-A18A-56D4EAD20CCC}
		{7FA93B25-D07D-48AC-9D3B-931924339F33} = {34285869-E35E-4537-A18A-56D4EAD20CCC}
		{A59BFD6E-EED0-444E-A8A7-C4E319598E02} = {34285869-E35E-4537-A18A-56D4EAD20CCC}
		{AD16D1CA-4091-48BB-91A4-AFF6A2FFC2EF} = {34285869-E35E-4537-A18A-56D4EAD20CCC}
		{12A16DDA-0F4E-4E3F-A4BA-91D09AC7D04B} = {34285869-E35E-4537-A18A-56D4EAD20CCC}
	EndGlobalSection
EndGlobal
